
Microsoft Visual Studio Solution File, Format Version 12.00
# Visual Studio 15
Project("{FAE04EC0-301F-11D3-BF4B-00C04F79EFBC}") = "Test.Android", "Test.Android\Test.Android.csproj", "{21EA9057-3F8B-4999-87CA-D4497D473B05}"
EndProject
Project("{FAE04EC0-301F-11D3-BF4B-00C04F79EFBC}") = "Test.iOS", "Test.iOS\Test.iOS.csproj", "{7A8F1605-29E1-43D6-B9B8-F16825FF34C9}"
EndProject
Project("{FAE04EC0-301F-11D3-BF4B-00C04F79EFBC}") = "Test", "Test\Test.csproj", "{C90ED828-4B23-4A1B-BD62-B263E7F5D4AD}"
EndProject
Global
	GlobalSection(SolutionConfigurationPlatforms) = preSolution
		Debug|Any CPU = Debug|Any CPU
		Release|Any CPU = Release|Any CPU
		Debug|iPhoneSimulator = Debug|iPhoneSimulator
		Release|iPhoneSimulator = Release|iPhoneSimulator
		Debug|iPhone = Debug|iPhone
		Release|iPhone = Release|iPhone
		Ad-Hoc|iPhone = Ad-Hoc|iPhone
		AppStore|iPhone = AppStore|iPhone
	EndGlobalSection
	GlobalSection(ProjectConfigurationPlatforms) = postSolution
		{21EA9057-3F8B-4999-87CA-D4497D473B05}.Debug|Any CPU.ActiveCfg = Debug|Any CPU
		{21EA9057-3F8B-4999-87CA-D4497D473B05}.Debug|Any CPU.Build.0 = Debug|Any CPU
		{21EA9057-3F8B-4999-87CA-D4497D473B05}.Release|Any CPU.ActiveCfg = Release|Any CPU
		{21EA9057-3F8B-4999-87CA-D4497D473B05}.Release|Any CPU.Build.0 = Release|Any CPU
		{21EA9057-3F8B-4999-87CA-D4497D473B05}.Debug|iPhoneSimulator.ActiveCfg = Debug|Any CPU
		{21EA9057-3F8B-4999-87CA-D4497D473B05}.Debug|iPhoneSimulator.Build.0 = Debug|Any CPU
		{21EA9057-3F8B-4999-87CA-D4497D473B05}.Release|iPhoneSimulator.ActiveCfg = Release|Any CPU
		{21EA9057-3F8B-4999-87CA-D4497D473B05}.Release|iPhoneSimulator.Build.0 = Release|Any CPU
		{21EA9057-3F8B-4999-87CA-D4497D473B05}.Debug|iPhone.ActiveCfg = Debug|Any CPU
		{21EA9057-3F8B-4999-87CA-D4497D473B05}.Debug|iPhone.Build.0 = Debug|Any CPU
		{21EA9057-3F8B-4999-87CA-D4497D473B05}.Release|iPhone.ActiveCfg = Release|Any CPU
		{21EA9057-3F8B-4999-87CA-D4497D473B05}.Release|iPhone.Build.0 = Release|Any CPU
		{21EA9057-3F8B-4999-87CA-D4497D473B05}.Ad-Hoc|iPhone.ActiveCfg = Debug|Any CPU
		{21EA9057-3F8B-4999-87CA-D4497D473B05}.Ad-Hoc|iPhone.Build.0 = Debug|Any CPU
		{21EA9057-3F8B-4999-87CA-D4497D473B05}.AppStore|iPhone.ActiveCfg = Debug|Any CPU
		{21EA9057-3F8B-4999-87CA-D4497D473B05}.AppStore|iPhone.Build.0 = Debug|Any CPU
		{7A8F1605-29E1-43D6-B9B8-F16825FF34C9}.Debug|Any CPU.ActiveCfg = Debug|iPhoneSimulator
		{7A8F1605-29E1-43D6-B9B8-F16825FF34C9}.Debug|Any CPU.Build.0 = Debug|iPhoneSimulator
		{7A8F1605-29E1-43D6-B9B8-F16825FF34C9}.Release|Any CPU.ActiveCfg = Release|iPhoneSimulator
		{7A8F1605-29E1-43D6-B9B8-F16825FF34C9}.Release|Any CPU.Build.0 = Release|iPhoneSimulator
		{7A8F1605-29E1-43D6-B9B8-F16825FF34C9}.Debug|iPhoneSimulator.ActiveCfg = Debug|iPhoneSimulator
		{7A8F1605-29E1-43D6-B9B8-F16825FF34C9}.Debug|iPhoneSimulator.Build.0 = Debug|iPhoneSimulator
		{7A8F1605-29E1-43D6-B9B8-F16825FF34C9}.Release|iPhoneSimulator.ActiveCfg = Release|iPhoneSimulator
		{7A8F1605-29E1-43D6-B9B8-F16825FF34C9}.Release|iPhoneSimulator.Build.0 = Release|iPhoneSimulator
		{7A8F1605-29E1-43D6-B9B8-F16825FF34C9}.Debug|iPhone.ActiveCfg = Debug|iPhone
		{7A8F1605-29E1-43D6-B9B8-F16825FF34C9}.Debug|iPhone.Build.0 = Debug|iPhone
		{7A8F1605-29E1-43D6-B9B8-F16825FF34C9}.Release|iPhone.ActiveCfg = Release|iPhone
		{7A8F1605-29E1-43D6-B9B8-F16825FF34C9}.Release|iPhone.Build.0 = Release|iPhone
		{7A8F1605-29E1-43D6-B9B8-F16825FF34C9}.Ad-Hoc|iPhone.ActiveCfg = Ad-Hoc|iPhone
		{7A8F1605-29E1-43D6-B9B8-F16825FF34C9}.Ad-Hoc|iPhone.Build.0 = Ad-Hoc|iPhone
		{7A8F1605-29E1-43D6-B9B8-F16825FF34C9}.AppStore|iPhone.ActiveCfg = AppStore|iPhone
		{7A8F1605-29E1-43D6-B9B8-F16825FF34C9}.AppStore|iPhone.Build.0 = AppStore|iPhone
		{C90ED828-4B23-4A1B-BD62-B263E7F5D4AD}.Debug|Any CPU.ActiveCfg = Debug|Any CPU
		{C90ED828-4B23-4A1B-BD62-B263E7F5D4AD}.Debug|Any CPU.Build.0 = Debug|Any CPU
		{C90ED828-4B23-4A1B-BD62-B263E7F5D4AD}.Release|Any CPU.ActiveCfg = Release|Any CPU
		{C90ED828-4B23-4A1B-BD62-B263E7F5D4AD}.Release|Any CPU.Build.0 = Release|Any CPU
		{C90ED828-4B23-4A1B-BD62-B263E7F5D4AD}.Debug|iPhoneSimulator.ActiveCfg = Debug|Any CPU
		{C90ED828-4B23-4A1B-BD62-B263E7F5D4AD}.Debug|iPhoneSimulator.Build.0 = Debug|Any CPU
		{C90ED828-4B23-4A1B-BD62-B263E7F5D4AD}.Release|iPhoneSimulator.ActiveCfg = Release|Any CPU
		{C90ED828-4B23-4A1B-BD62-B263E7F5D4AD}.Release|iPhoneSimulator.Build.0 = Release|Any CPU
		{C90ED828-4B23-4A1B-BD62-B263E7F5D4AD}.Debug|iPhone.ActiveCfg = Debug|Any CPU
		{C90ED828-4B23-4A1B-BD62-B263E7F5D4AD}.Debug|iPhone.Build.0 = Debug|Any CPU
		{C90ED828-4B23-4A1B-BD62-B263E7F5D4AD}.Release|iPhone.ActiveCfg = Release|Any CPU
		{C90ED828-4B23-4A1B-BD62-B263E7F5D4AD}.Release|iPhone.Build.0 = Release|Any CPU
		{C90ED828-4B23-4A1B-BD62-B263E7F5D4AD}.Ad-Hoc|iPhone.ActiveCfg = Debug|Any CPU
		{C90ED828-4B23-4A1B-BD62-B263E7F5D4AD}.Ad-Hoc|iPhone.Build.0 = Debug|Any CPU
		{C90ED828-4B23-4A1B-BD62-B263E7F5D4AD}.AppStore|iPhone.ActiveCfg = Debug|Any CPU
		{C90ED828-4B23-4A1B-BD62-B263E7F5D4AD}.AppStore|iPhone.Build.0 = Debug|Any CPU
	EndGlobalSection
EndGlobal
